
Microsoft Visual Studio Solution File, Format Version 12.00
# Visual Studio Version 17
VisualStudioVersion = 17.5.33530.505
MinimumVisualStudioVersion = 10.0.40219.1
Project("{FAE04EC0-301F-11D3-BF4B-00C04F79EFBC}") = "CoreMVC.UI", "CoreMVC.UI\CoreMVC.UI.csproj", "{FF4B5862-59F6-400D-9D70-BC858A97EA7E}"
EndProject
Global
	GlobalSection(SolutionConfigurationPlatforms) = preSolution
		Debug|Any CPU = Debug|Any CPU
		Release|Any CPU = Release|Any CPU
	EndGlobalSection
	GlobalSection(ProjectConfigurationPlatforms) = postSolution
		{FF4B5862-59F6-400D-9D70-BC858A97EA7E}.Debug|Any CPU.ActiveCfg = Debug|Any CPU
		{FF4B5862-59F6-400D-9D70-BC858A97EA7E}.Debug|Any CPU.Build.0 = Debug|Any CPU
		{FF4B5862-59F6-400D-9D70-BC858A97EA7E}.Release|Any CPU.ActiveCfg = Release|Any CPU
		{FF4B5862-59F6-400D-9D70-BC858A97EA7E}.Release|Any CPU.Build.0 = Release|Any CPU
	EndGlobalSection
	GlobalSection(SolutionProperties) = preSolution
		HideSolutionNode = FALSE
	EndGlobalSection
	GlobalSection(ExtensibilityGlobals) = postSolution
		SolutionGuid = {0B03F211-CB94-4865-AB92-7F56741C553B}
	EndGlobalSection
EndGlobal
